
Microsoft Visual Studio Solution File, Format Version 12.00
# Visual Studio Version 17
VisualStudioVersion = 17.2.32602.215
MinimumVisualStudioVersion = 10.0.40219.1
Project("{9A19103F-16F7-4668-BE54-9A1E7A4F7556}") = "BuberDinner.Api", "BuberDinner.Api\BuberDinner.Api.csproj", "{5C66EC1A-62F5-4CEC-9CD9-308A194253B2}"
EndProject
Project("{9A19103F-16F7-4668-BE54-9A1E7A4F7556}") = "BuberDinner.Application", "BuberDinner.Application\BuberDinner.Application.csproj", "{8D4DDB7A-D452-47AF-AB4A-A61CFB6A8912}"
EndProject
Project("{9A19103F-16F7-4668-BE54-9A1E7A4F7556}") = "BuberDinner.Contracts", "BuberDinner.Contracts\BuberDinner.Contracts.csproj", "{4C1906D8-9594-4850-A29F-1209D34E2C45}"
EndProject
Project("{9A19103F-16F7-4668-BE54-9A1E7A4F7556}") = "BuberDinner.Domain", "BuberDinner.Domain\BuberDinner.Domain.csproj", "{8140B617-31EF-41F0-AC8D-1AA20B0B3067}"
EndProject
Project("{9A19103F-16F7-4668-BE54-9A1E7A4F7556}") = "BuberDinner.Infrastructure", "BuberDinner.Infrastructure\BuberDinner.Infrastructure.csproj", "{E8071302-B4DC-44F4-92FD-B59537DC7F58}"
EndProject
Project("{2150E333-8FDC-42A3-9474-1A3956D46DE8}") = "Solution Items", "Solution Items", "{B14880B1-8D6B-4282-961C-1271BD9503B0}"
	ProjectSection(SolutionItems) = preProject
		.editorconfig = .editorconfig
	EndProjectSection
EndProject
Global
	GlobalSection(SolutionConfigurationPlatforms) = preSolution
		Debug|Any CPU = Debug|Any CPU
		Release|Any CPU = Release|Any CPU
	EndGlobalSection
	GlobalSection(ProjectConfigurationPlatforms) = postSolution
		{5C66EC1A-62F5-4CEC-9CD9-308A194253B2}.Debug|Any CPU.ActiveCfg = Debug|Any CPU
		{5C66EC1A-62F5-4CEC-9CD9-308A194253B2}.Debug|Any CPU.Build.0 = Debug|Any CPU
		{5C66EC1A-62F5-4CEC-9CD9-308A194253B2}.Release|Any CPU.ActiveCfg = Release|Any CPU
		{5C66EC1A-62F5-4CEC-9CD9-308A194253B2}.Release|Any CPU.Build.0 = Release|Any CPU
		{8D4DDB7A-D452-47AF-AB4A-A61CFB6A8912}.Debug|Any CPU.ActiveCfg = Debug|Any CPU
		{8D4DDB7A-D452-47AF-AB4A-A61CFB6A8912}.Debug|Any CPU.Build.0 = Debug|Any CPU
		{8D4DDB7A-D452-47AF-AB4A-A61CFB6A8912}.Release|Any CPU.ActiveCfg = Release|Any CPU
		{8D4DDB7A-D452-47AF-AB4A-A61CFB6A8912}.Release|Any CPU.Build.0 = Release|Any CPU
		{4C1906D8-9594-4850-A29F-1209D34E2C45}.Debug|Any CPU.ActiveCfg = Debug|Any CPU
		{4C1906D8-9594-4850-A29F-1209D34E2C45}.Debug|Any CPU.Build.0 = Debug|Any CPU
		{4C1906D8-9594-4850-A29F-1209D34E2C45}.Release|Any CPU.ActiveCfg = Release|Any CPU
		{4C1906D8-9594-4850-A29F-1209D34E2C45}.Release|Any CPU.Build.0 = Release|Any CPU
		{8140B617-31EF-41F0-AC8D-1AA20B0B3067}.Debug|Any CPU.ActiveCfg = Debug|Any CPU
		{8140B617-31EF-41F0-AC8D-1AA20B0B3067}.Debug|Any CPU.Build.0 = Debug|Any CPU
		{8140B617-31EF-41F0-AC8D-1AA20B0B3067}.Release|Any CPU.ActiveCfg = Release|Any CPU
		{8140B617-31EF-41F0-AC8D-1AA20B0B3067}.Release|Any CPU.Build.0 = Release|Any CPU
		{E8071302-B4DC-44F4-92FD-B59537DC7F58}.Debug|Any CPU.ActiveCfg = Debug|Any CPU
		{E8071302-B4DC-44F4-92FD-B59537DC7F58}.Debug|Any CPU.Build.0 = Debug|Any CPU
		{E8071302-B4DC-44F4-92FD-B59537DC7F58}.Release|Any CPU.ActiveCfg = Release|Any CPU
		{E8071302-B4DC-44F4-92FD-B59537DC7F58}.Release|Any CPU.Build.0 = Release|Any CPU
	EndGlobalSection
	GlobalSection(SolutionProperties) = preSolution
		HideSolutionNode = FALSE
	EndGlobalSection
	GlobalSection(ExtensibilityGlobals) = postSolution
		SolutionGuid = {8E3C9D62-5729-40B9-BFEE-00308EB47C3C}
	EndGlobalSection
EndGlobal
